
Microsoft Visual Studio Solution File, Format Version 12.00
# Visual Studio 15
VisualStudioVersion = 15.0.28307.572
MinimumVisualStudioVersion = 10.0.40219.1
Project("{9A19103F-16F7-4668-BE54-9A1E7A4F7556}") = "WiringXF", "WiringXF\WiringXF.csproj", "{0CF46288-AD2D-4AAB-A74D-85B6D7FA44DE}"
EndProject
Project("{9A19103F-16F7-4668-BE54-9A1E7A4F7556}") = "M2Mqtt", "..\mqtt-master\M2Mqtt\M2Mqtt.csproj", "{70CAC41D-C613-4363-AFFF-4C4EDAA8A406}"
EndProject
Project("{9A19103F-16F7-4668-BE54-9A1E7A4F7556}") = "MQTTXFClient", "MQTTXFClient\MQTTXFClient.csproj", "{2CE2E29A-5297-4DF2-9BB8-AA997EEABFA9}"
EndProject
Project("{8BC9CEB8-8B4A-11D0-8D11-00A0C91BC942}") = "WiringXFSO", "WiringXFSO\WiringXFSO.vcxproj", "{264D55CF-1401-43F6-83EE-BB85BFD9E261}"
EndProject
Project("{FAE04EC0-301F-11D3-BF4B-00C04F79EFBC}") = "M2Mqtt.Net", "M2Mqtt\M2Mqtt.Net.csproj", "{A11AEF5A-B246-4FE8-8330-06DB73CC8074}"
EndProject
Project("{FAE04EC0-301F-11D3-BF4B-00C04F79EFBC}") = "MQTTXFClient.Net", "MQTTXFClient.Net\MQTTXFClient.Net.csproj", "{7CE22C56-39F5-43F0-AEEE-07E1315F0E03}"
EndProject
Project("{9A19103F-16F7-4668-BE54-9A1E7A4F7556}") = "Demo_IOT-Raspberry_LED", "Demo_Raspberry_LED\Demo_IOT-Raspberry_LED.csproj", "{E669DFFA-E668-478A-92C7-6377643206D2}"
EndProject
Project("{FAE04EC0-301F-11D3-BF4B-00C04F79EFBC}") = "Demo_Raspberry", "ConsoleApp1\Demo_Raspberry.csproj", "{E97662DC-2150-4435-91C6-660400E52EFF}"
EndProject
Project("{9A19103F-16F7-4668-BE54-9A1E7A4F7556}") = "Demo_Console", "Demo_Console\Demo_Console.csproj", "{6916720B-1849-4B65-AFFA-1CE06449A2C5}"
EndProject
Global
	GlobalSection(SolutionConfigurationPlatforms) = preSolution
		Debug|Any CPU = Debug|Any CPU
		Debug|ARM = Debug|ARM
		Debug|ARM64 = Debug|ARM64
		Release|Any CPU = Release|Any CPU
		Release|ARM = Release|ARM
		Release|ARM64 = Release|ARM64
	EndGlobalSection
	GlobalSection(ProjectConfigurationPlatforms) = postSolution
		{0CF46288-AD2D-4AAB-A74D-85B6D7FA44DE}.Debug|Any CPU.ActiveCfg = Debug|Any CPU
		{0CF46288-AD2D-4AAB-A74D-85B6D7FA44DE}.Debug|Any CPU.Build.0 = Debug|Any CPU
		{0CF46288-AD2D-4AAB-A74D-85B6D7FA44DE}.Debug|ARM.ActiveCfg = Debug|Any CPU
		{0CF46288-AD2D-4AAB-A74D-85B6D7FA44DE}.Debug|ARM.Build.0 = Debug|Any CPU
		{0CF46288-AD2D-4AAB-A74D-85B6D7FA44DE}.Debug|ARM64.ActiveCfg = Debug|Any CPU
		{0CF46288-AD2D-4AAB-A74D-85B6D7FA44DE}.Debug|ARM64.Build.0 = Debug|Any CPU
		{0CF46288-AD2D-4AAB-A74D-85B6D7FA44DE}.Release|Any CPU.ActiveCfg = Release|Any CPU
		{0CF46288-AD2D-4AAB-A74D-85B6D7FA44DE}.Release|Any CPU.Build.0 = Release|Any CPU
		{0CF46288-AD2D-4AAB-A74D-85B6D7FA44DE}.Release|ARM.ActiveCfg = Release|Any CPU
		{0CF46288-AD2D-4AAB-A74D-85B6D7FA44DE}.Release|ARM.Build.0 = Release|Any CPU
		{0CF46288-AD2D-4AAB-A74D-85B6D7FA44DE}.Release|ARM64.ActiveCfg = Release|Any CPU
		{0CF46288-AD2D-4AAB-A74D-85B6D7FA44DE}.Release|ARM64.Build.0 = Release|Any CPU
		{70CAC41D-C613-4363-AFFF-4C4EDAA8A406}.Debug|Any CPU.ActiveCfg = Debug|Any CPU
		{70CAC41D-C613-4363-AFFF-4C4EDAA8A406}.Debug|Any CPU.Build.0 = Debug|Any CPU
		{70CAC41D-C613-4363-AFFF-4C4EDAA8A406}.Debug|ARM.ActiveCfg = Debug|Any CPU
		{70CAC41D-C613-4363-AFFF-4C4EDAA8A406}.Debug|ARM.Build.0 = Debug|Any CPU
		{70CAC41D-C613-4363-AFFF-4C4EDAA8A406}.Debug|ARM64.ActiveCfg = Debug|Any CPU
		{70CAC41D-C613-4363-AFFF-4C4EDAA8A406}.Debug|ARM64.Build.0 = Debug|Any CPU
		{70CAC41D-C613-4363-AFFF-4C4EDAA8A406}.Release|Any CPU.ActiveCfg = Release|Any CPU
		{70CAC41D-C613-4363-AFFF-4C4EDAA8A406}.Release|Any CPU.Build.0 = Release|Any CPU
		{70CAC41D-C613-4363-AFFF-4C4EDAA8A406}.Release|ARM.ActiveCfg = Release|Any CPU
		{70CAC41D-C613-4363-AFFF-4C4EDAA8A406}.Release|ARM.Build.0 = Release|Any CPU
		{70CAC41D-C613-4363-AFFF-4C4EDAA8A406}.Release|ARM64.ActiveCfg = Release|Any CPU
		{70CAC41D-C613-4363-AFFF-4C4EDAA8A406}.Release|ARM64.Build.0 = Release|Any CPU
		{2CE2E29A-5297-4DF2-9BB8-AA997EEABFA9}.Debug|Any CPU.ActiveCfg = Debug|Any CPU
		{2CE2E29A-5297-4DF2-9BB8-AA997EEABFA9}.Debug|Any CPU.Build.0 = Debug|Any CPU
		{2CE2E29A-5297-4DF2-9BB8-AA997EEABFA9}.Debug|ARM.ActiveCfg = Debug|Any CPU
		{2CE2E29A-5297-4DF2-9BB8-AA997EEABFA9}.Debug|ARM.Build.0 = Debug|Any CPU
		{2CE2E29A-5297-4DF2-9BB8-AA997EEABFA9}.Debug|ARM64.ActiveCfg = Debug|Any CPU
		{2CE2E29A-5297-4DF2-9BB8-AA997EEABFA9}.Debug|ARM64.Build.0 = Debug|Any CPU
		{2CE2E29A-5297-4DF2-9BB8-AA997EEABFA9}.Release|Any CPU.ActiveCfg = Release|Any CPU
		{2CE2E29A-5297-4DF2-9BB8-AA997EEABFA9}.Release|Any CPU.Build.0 = Release|Any CPU
		{2CE2E29A-5297-4DF2-9BB8-AA997EEABFA9}.Release|ARM.ActiveCfg = Release|Any CPU
		{2CE2E29A-5297-4DF2-9BB8-AA997EEABFA9}.Release|ARM.Build.0 = Release|Any CPU
		{2CE2E29A-5297-4DF2-9BB8-AA997EEABFA9}.Release|ARM64.ActiveCfg = Release|Any CPU
		{2CE2E29A-5297-4DF2-9BB8-AA997EEABFA9}.Release|ARM64.Build.0 = Release|Any CPU
		{264D55CF-1401-43F6-83EE-BB85BFD9E261}.Debug|Any CPU.ActiveCfg = Debug|ARM
		{264D55CF-1401-43F6-83EE-BB85BFD9E261}.Debug|ARM.ActiveCfg = Debug|ARM
		{264D55CF-1401-43F6-83EE-BB85BFD9E261}.Debug|ARM.Build.0 = Debug|ARM
		{264D55CF-1401-43F6-83EE-BB85BFD9E261}.Debug|ARM64.ActiveCfg = Debug|ARM64
		{264D55CF-1401-43F6-83EE-BB85BFD9E261}.Debug|ARM64.Build.0 = Debug|ARM64
		{264D55CF-1401-43F6-83EE-BB85BFD9E261}.Release|Any CPU.ActiveCfg = Release|ARM
		{264D55CF-1401-43F6-83EE-BB85BFD9E261}.Release|ARM.ActiveCfg = Release|ARM
		{264D55CF-1401-43F6-83EE-BB85BFD9E261}.Release|ARM.Build.0 = Release|ARM
		{264D55CF-1401-43F6-83EE-BB85BFD9E261}.Release|ARM64.ActiveCfg = Release|ARM64
		{264D55CF-1401-43F6-83EE-BB85BFD9E261}.Release|ARM64.Build.0 = Release|ARM64
		{A11AEF5A-B246-4FE8-8330-06DB73CC8074}.Debug|Any CPU.ActiveCfg = Debug|Any CPU
		{A11AEF5A-B246-4FE8-8330-06DB73CC8074}.Debug|Any CPU.Build.0 = Debug|Any CPU
		{A11AEF5A-B246-4FE8-8330-06DB73CC8074}.Debug|ARM.ActiveCfg = Debug|Any CPU
		{A11AEF5A-B246-4FE8-8330-06DB73CC8074}.Debug|ARM.Build.0 = Debug|Any CPU
		{A11AEF5A-B246-4FE8-8330-06DB73CC8074}.Debug|ARM64.ActiveCfg = Debug|Any CPU
		{A11AEF5A-B246-4FE8-8330-06DB73CC8074}.Debug|ARM64.Build.0 = Debug|Any CPU
		{A11AEF5A-B246-4FE8-8330-06DB73CC8074}.Release|Any CPU.ActiveCfg = Release|Any CPU
		{A11AEF5A-B246-4FE8-8330-06DB73CC8074}.Release|Any CPU.Build.0 = Release|Any CPU
		{A11AEF5A-B246-4FE8-8330-06DB73CC8074}.Release|ARM.ActiveCfg = Release|Any CPU
		{A11AEF5A-B246-4FE8-8330-06DB73CC8074}.Release|ARM.Build.0 = Release|Any CPU
		{A11AEF5A-B246-4FE8-8330-06DB73CC8074}.Release|ARM64.ActiveCfg = Release|Any CPU
		{A11AEF5A-B246-4FE8-8330-06DB73CC8074}.Release|ARM64.Build.0 = Release|Any CPU
		{7CE22C56-39F5-43F0-AEEE-07E1315F0E03}.Debug|Any CPU.ActiveCfg = Debug|Any CPU
		{7CE22C56-39F5-43F0-AEEE-07E1315F0E03}.Debug|Any CPU.Build.0 = Debug|Any CPU
		{7CE22C56-39F5-43F0-AEEE-07E1315F0E03}.Debug|ARM.ActiveCfg = Debug|Any CPU
		{7CE22C56-39F5-43F0-AEEE-07E1315F0E03}.Debug|ARM.Build.0 = Debug|Any CPU
		{7CE22C56-39F5-43F0-AEEE-07E1315F0E03}.Debug|ARM64.ActiveCfg = Debug|Any CPU
		{7CE22C56-39F5-43F0-AEEE-07E1315F0E03}.Debug|ARM64.Build.0 = Debug|Any CPU
		{7CE22C56-39F5-43F0-AEEE-07E1315F0E03}.Release|Any CPU.ActiveCfg = Release|Any CPU
		{7CE22C56-39F5-43F0-AEEE-07E1315F0E03}.Release|Any CPU.Build.0 = Release|Any CPU
		{7CE22C56-39F5-43F0-AEEE-07E1315F0E03}.Release|ARM.ActiveCfg = Release|Any CPU
		{7CE22C56-39F5-43F0-AEEE-07E1315F0E03}.Release|ARM.Build.0 = Release|Any CPU
		{7CE22C56-39F5-43F0-AEEE-07E1315F0E03}.Release|ARM64.ActiveCfg = Release|Any CPU
		{7CE22C56-39F5-43F0-AEEE-07E1315F0E03}.Release|ARM64.Build.0 = Release|Any CPU
		{E669DFFA-E668-478A-92C7-6377643206D2}.Debug|Any CPU.ActiveCfg = Debug|Any CPU
		{E669DFFA-E668-478A-92C7-6377643206D2}.Debug|Any CPU.Build.0 = Debug|Any CPU
		{E669DFFA-E668-478A-92C7-6377643206D2}.Debug|ARM.ActiveCfg = Debug|Any CPU
		{E669DFFA-E668-478A-92C7-6377643206D2}.Debug|ARM.Build.0 = Debug|Any CPU
		{E669DFFA-E668-478A-92C7-6377643206D2}.Debug|ARM64.ActiveCfg = Debug|Any CPU
		{E669DFFA-E668-478A-92C7-6377643206D2}.Debug|ARM64.Build.0 = Debug|Any CPU
		{E669DFFA-E668-478A-92C7-6377643206D2}.Release|Any CPU.ActiveCfg = Release|Any CPU
		{E669DFFA-E668-478A-92C7-6377643206D2}.Release|Any CPU.Build.0 = Release|Any CPU
		{E669DFFA-E668-478A-92C7-6377643206D2}.Release|ARM.ActiveCfg = Release|Any CPU
		{E669DFFA-E668-478A-92C7-6377643206D2}.Release|ARM.Build.0 = Release|Any CPU
		{E669DFFA-E668-478A-92C7-6377643206D2}.Release|ARM64.ActiveCfg = Release|Any CPU
		{E669DFFA-E668-478A-92C7-6377643206D2}.Release|ARM64.Build.0 = Release|Any CPU
		{E97662DC-2150-4435-91C6-660400E52EFF}.Debug|Any CPU.ActiveCfg = Debug|Any CPU
		{E97662DC-2150-4435-91C6-660400E52EFF}.Debug|Any CPU.Build.0 = Debug|Any CPU
		{E97662DC-2150-4435-91C6-660400E52EFF}.Debug|ARM.ActiveCfg = Debug|Any CPU
		{E97662DC-2150-4435-91C6-660400E52EFF}.Debug|ARM.Build.0 = Debug|Any CPU
		{E97662DC-2150-4435-91C6-660400E52EFF}.Debug|ARM64.ActiveCfg = Debug|Any CPU
		{E97662DC-2150-4435-91C6-660400E52EFF}.Debug|ARM64.Build.0 = Debug|Any CPU
		{E97662DC-2150-4435-91C6-660400E52EFF}.Release|Any CPU.ActiveCfg = Release|Any CPU
		{E97662DC-2150-4435-91C6-660400E52EFF}.Release|Any CPU.Build.0 = Release|Any CPU
		{E97662DC-2150-4435-91C6-660400E52EFF}.Release|ARM.ActiveCfg = Release|Any CPU
		{E97662DC-2150-4435-91C6-660400E52EFF}.Release|ARM.Build.0 = Release|Any CPU
		{E97662DC-2150-4435-91C6-660400E52EFF}.Release|ARM64.ActiveCfg = Release|Any CPU
		{E97662DC-2150-4435-91C6-660400E52EFF}.Release|ARM64.Build.0 = Release|Any CPU
		{6916720B-1849-4B65-AFFA-1CE06449A2C5}.Debug|Any CPU.ActiveCfg = Debug|Any CPU
		{6916720B-1849-4B65-AFFA-1CE06449A2C5}.Debug|Any CPU.Build.0 = Debug|Any CPU
		{6916720B-1849-4B65-AFFA-1CE06449A2C5}.Debug|ARM.ActiveCfg = Debug|Any CPU
		{6916720B-1849-4B65-AFFA-1CE06449A2C5}.Debug|ARM.Build.0 = Debug|Any CPU
		{6916720B-1849-4B65-AFFA-1CE06449A2C5}.Debug|ARM64.ActiveCfg = Debug|Any CPU
		{6916720B-1849-4B65-AFFA-1CE06449A2C5}.Debug|ARM64.Build.0 = Debug|Any CPU
		{6916720B-1849-4B65-AFFA-1CE06449A2C5}.Release|Any CPU.ActiveCfg = Release|Any CPU
		{6916720B-1849-4B65-AFFA-1CE06449A2C5}.Release|Any CPU.Build.0 = Release|Any CPU
		{6916720B-1849-4B65-AFFA-1CE06449A2C5}.Release|ARM.ActiveCfg = Release|Any CPU
		{6916720B-1849-4B65-AFFA-1CE06449A2C5}.Release|ARM.Build.0 = Release|Any CPU
		{6916720B-1849-4B65-AFFA-1CE06449A2C5}.Release|ARM64.ActiveCfg = Release|Any CPU
		{6916720B-1849-4B65-AFFA-1CE06449A2C5}.Release|ARM64.Build.0 = Release|Any CPU
	EndGlobalSection
	GlobalSection(SolutionProperties) = preSolution
		HideSolutionNode = FALSE
	EndGlobalSection
	GlobalSection(ExtensibilityGlobals) = postSolution
		SolutionGuid = {CFF410C5-2972-4AC4-A097-5424C112D5DD}
	EndGlobalSection
EndGlobal
