
Microsoft Visual Studio Solution File, Format Version 12.00
# Visual Studio 15
VisualStudioVersion = 15.0.28307.572
MinimumVisualStudioVersion = 10.0.40219.1
Project("{FAE04EC0-301F-11D3-BF4B-00C04F79EFBC}") = "XFIOT.lib", "XFIOT.lib\XFIOT.lib.csproj", "{726DE5BD-2E39-41C4-97E4-5D2ECED9C1CD}"
EndProject
Global
	GlobalSection(SolutionConfigurationPlatforms) = preSolution
		Debug|Any CPU = Debug|Any CPU
		Release|Any CPU = Release|Any CPU
	EndGlobalSection
	GlobalSection(ProjectConfigurationPlatforms) = postSolution
		{726DE5BD-2E39-41C4-97E4-5D2ECED9C1CD}.Debug|Any CPU.ActiveCfg = Debug|Any CPU
		{726DE5BD-2E39-41C4-97E4-5D2ECED9C1CD}.Debug|Any CPU.Build.0 = Debug|Any CPU
		{726DE5BD-2E39-41C4-97E4-5D2ECED9C1CD}.Release|Any CPU.ActiveCfg = Release|Any CPU
		{726DE5BD-2E39-41C4-97E4-5D2ECED9C1CD}.Release|Any CPU.Build.0 = Release|Any CPU
	EndGlobalSection
	GlobalSection(SolutionProperties) = preSolution
		HideSolutionNode = FALSE
	EndGlobalSection
	GlobalSection(ExtensibilityGlobals) = postSolution
		SolutionGuid = {CFF410C5-2972-4AC4-A097-5424C112D5DD}
	EndGlobalSection
EndGlobal
